
Microsoft Visual Studio Solution File, Format Version 12.00
# Visual Studio Version 16
VisualStudioVersion = 16.0.30711.63
MinimumVisualStudioVersion = 10.0.40219.1
Project("{FAE04EC0-301F-11D3-BF4B-00C04F79EFBC}") = "NotesManager", "MarksManager\NotesManager.csproj", "{5778F6E8-5E48-4B07-8A64-D620BC46BDE8}"
EndProject
Global
	GlobalSection(SolutionConfigurationPlatforms) = preSolution
		Debug|Any CPU = Debug|Any CPU
		Release|Any CPU = Release|Any CPU
	EndGlobalSection
	GlobalSection(ProjectConfigurationPlatforms) = postSolution
		{5778F6E8-5E48-4B07-8A64-D620BC46BDE8}.Debug|Any CPU.ActiveCfg = Debug|Any CPU
		{5778F6E8-5E48-4B07-8A64-D620BC46BDE8}.Debug|Any CPU.Build.0 = Debug|Any CPU
		{5778F6E8-5E48-4B07-8A64-D620BC46BDE8}.Release|Any CPU.ActiveCfg = Release|Any CPU
		{5778F6E8-5E48-4B07-8A64-D620BC46BDE8}.Release|Any CPU.Build.0 = Release|Any CPU
	EndGlobalSection
	GlobalSection(SolutionProperties) = preSolution
		HideSolutionNode = FALSE
	EndGlobalSection
	GlobalSection(ExtensibilityGlobals) = postSolution
		SolutionGuid = {4C4748C9-45CA-4DF9-BE40-E5C76870BD0B}
	EndGlobalSection
EndGlobal
